<?xml version="1.0" encoding="UTF-8" standalone="yes" ?>
<CodeBlocks_project_file>
	<FileVersion major="1" minor="6" />
	<Project>
		<Option title="project3" />
		<Option makefile_is_custom="1" />
		<Option pch_mode="2" />
		<Option compiler="gcc" />
		<Option virtualFolders="Makefile/;Client/;Test Suite/;" />
		<Build>
			<Target title="Debug">
				<Option output="bin/Debug/project3" prefix_auto="1" extension_auto="1" />
				<Option object_output="obj/Debug/" />
				<Option type="1" />
				<Option compiler="gcc" />
				<Compiler>
					<Add option="-g" />
				</Compiler>
				<MakeCommands>
					<Build command="$make " />
					<CompileFile command="$make -f $makefile $file" />
					<Clean command="$make clean" />
					<DistClean command="$make -f $makefile distclean$target" />
					<AskRebuildNeeded command="$make" />
					<SilentBuild command="$make" />
				</MakeCommands>
			</Target>
		</Build>
		<Compiler>
			<Add option="-Wall" />
		</Compiler>
		<Unit filename="Makefile">
			<Option virtualFolder="Makefile/" />
		</Unit>
		<Unit filename="http_server.c">
			<Option compilerVar="CC" />
		</Unit>
		<Unit filename="reserveSeat.html">
			<Option virtualFolder="Client/" />
		</Unit>
		<Unit filename="seats.c">
			<Option compilerVar="CC" />
		</Unit>
		<Unit filename="seats.h" />
		<Unit filename="selectSeats.html">
			<Option virtualFolder="Client/" />
		</Unit>
		<Unit filename="testsuite/1.trace">
			<Option virtualFolder="Test Suite/" />
		</Unit>
		<Unit filename="testsuite/2.trace">
			<Option virtualFolder="Test Suite/" />
		</Unit>
		<Unit filename="testsuite/3.trace">
			<Option virtualFolder="Test Suite/" />
		</Unit>
		<Unit filename="testsuite/config.test">
			<Option virtualFolder="Test Suite/" />
		</Unit>
		<Unit filename="testsuite/http_test.py">
			<Option virtualFolder="Test Suite/" />
		</Unit>
		<Unit filename="testsuite/run_testcase.sh">
			<Option virtualFolder="Test Suite/" />
		</Unit>
		<Unit filename="thread_pool.c">
			<Option compilerVar="CC" />
		</Unit>
		<Unit filename="thread_pool.h" />
		<Unit filename="util.c">
			<Option compilerVar="CC" />
		</Unit>
		<Unit filename="util.h" />
		<Extensions>
			<code_completion />
			<debugger />
		</Extensions>
	</Project>
</CodeBlocks_project_file>
